{
  "name": "rorder",
  "version": "1.0.0",
  "lockfileVersion": 1,
  "requires": true,
  "dependencies": {
    "vue-bulma-modal": {
      "version": "1.0.1",
      "resolved": "https://registry.npmjs.org/vue-bulma-modal/-/vue-bulma-modal-1.0.1.tgz",
      "integrity": "sha1-lD39arRybO6wsSbwU3LF0caKvYM="
    }
  }
}
